{
  "name": "can.pc-components",
  "version": "0.0.32",
  "lockfileVersion": 1,
  "requires": true,
  "dependencies": {
    "@amap/amap-jsapi-loader": {
      "version": "0.0.1",
      "resolved": "https://registry.npmjs.org/@amap/amap-jsapi-loader/-/amap-jsapi-loader-0.0.1.tgz",
      "integrity": "sha512-aN+Qadd9sHCUswxhyJUqUf+knCGZCuQ+L3nqTlSaDHZthi9ifpeNoCwlSCuTRvOEArZkuDcSVVk+mXvtPiI4zA=="
    },
    "can.base-utils": {
      "version": "0.0.1",
      "resolved": "https://registry.npmjs.org/can.base-utils/-/can.base-utils-0.0.1.tgz",
      "integrity": "sha512-QIi2S8D01/ykrWZ2cNZxuKGvYSayK6/dNToIoRFv1sWY/q605vcbQP2RPTrq/+Taoffq8UqvWVHQ4nbUwQp9wA=="
    }
  }
}
