{
  "name": "can.pc-components",
  "version": "0.0.18",
  "lockfileVersion": 1,
  "requires": true,
  "dependencies": {
    "can.base-utils": {
      "version": "0.0.1",
      "resolved": "https://registry.npmjs.org/can.base-utils/-/can.base-utils-0.0.1.tgz",
      "integrity": "sha512-QIi2S8D01/ykrWZ2cNZxuKGvYSayK6/dNToIoRFv1sWY/q605vcbQP2RPTrq/+Taoffq8UqvWVHQ4nbUwQp9wA=="
    }
  }
}
